
Microsoft Visual Studio Solution File, Format Version 12.00
# Visual Studio Version 17
VisualStudioVersion = 17.14.36616.10 d17.14
MinimumVisualStudioVersion = 10.0.40219.1
Project("{2150E333-8FDC-42A3-9474-1A3956D46DE8}") = "Task0", "Task0", "{02EA681E-C7D8-13C7-8484-4AC65E1B71E8}"
EndProject
Project("{FAE04EC0-301F-11D3-BF4B-00C04F79EFBC}") = "Tyuiu.ShakirovSA.Sprint6.Task0.V15.Lib", "Tyuiu.ShakirovSA.Sprint6.Task0.V15.Lib\Tyuiu.ShakirovSA.Sprint6.Task0.V15.Lib.csproj", "{E5FACE9C-93F2-417B-8A8D-52B48CB1CB27}"
EndProject
Project("{FAE04EC0-301F-11D3-BF4B-00C04F79EFBC}") = "Tyuiu.ShakirovSA.Sprint6.Task0.V15.Test", "Tyuiu.ShakirovSA.Sprint6.Task0.V15.Test\Tyuiu.ShakirovSA.Sprint6.Task0.V15.Test.csproj", "{C4473759-D484-4521-87E2-530BF3AED0A6}"
EndProject
Project("{FAE04EC0-301F-11D3-BF4B-00C04F79EFBC}") = "Tyuiu.ShakirovSA.Sprint6.Task0.V15", "Tyuiu.ShakirovSA.Sprint6.Task0.V15\Tyuiu.ShakirovSA.Sprint6.Task0.V15.csproj", "{0720A000-D3A7-42E8-AAE5-58F4418BEA75}"
EndProject
Project("{2150E333-8FDC-42A3-9474-1A3956D46DE8}") = "Task1", "Task1", "{76AD8812-1D90-4928-8A71-339BF9FEDB7F}"
EndProject
Project("{FAE04EC0-301F-11D3-BF4B-00C04F79EFBC}") = "Tyuiu.ShakirovSA.Sprint6.Task1.V21.Lib", "Tyuiu.ShakirovSA.Sprint6.Task1.V21.Lib\Tyuiu.ShakirovSA.Sprint6.Task1.V21.Lib.csproj", "{4D52570F-FED5-450B-9D42-F15F740802FA}"
EndProject
Project("{FAE04EC0-301F-11D3-BF4B-00C04F79EFBC}") = "Tyuiu.ShakirovSA.Sprint6.Task1.V21.Test", "Tyuiu.ShakirovSA.Sprint6.Task1.V21.Test\Tyuiu.ShakirovSA.Sprint6.Task1.V21.Test.csproj", "{08AC742A-7BA5-4A8F-BC20-D0C65FE85FA3}"
EndProject
Project("{FAE04EC0-301F-11D3-BF4B-00C04F79EFBC}") = "Tyuiu.ShakirovSA.Sprint6.Task1.V21", "Tyuiu.ShakirovSA.Sprint6.Task1.V21\Tyuiu.ShakirovSA.Sprint6.Task1.V21.csproj", "{67E287EF-43B5-45DE-86B6-A470C9151484}"
EndProject
Project("{2150E333-8FDC-42A3-9474-1A3956D46DE8}") = "Task2", "Task2", "{FCE863E4-C7AC-4FCF-83D7-37976327AFB5}"
EndProject
Project("{FAE04EC0-301F-11D3-BF4B-00C04F79EFBC}") = "Tyuiu.ShakirovSA.Sprint6.Task2.V29.Lib", "Tyuiu.ShakirovSA.Sprint6.Task2.V29.Lib\Tyuiu.ShakirovSA.Sprint6.Task2.V29.Lib.csproj", "{A2C7DD6D-8AFF-4358-847A-FBBDE2E24DCF}"
EndProject
Project("{FAE04EC0-301F-11D3-BF4B-00C04F79EFBC}") = "Tyuiu.ShakirovSA.Sprint6.Task2.V29.Test", "Tyuiu.ShakirovSA.Sprint6.Task2.V29.Test\Tyuiu.ShakirovSA.Sprint6.Task2.V29.Test.csproj", "{021A23F2-741D-45AE-B8E9-32A7684B1275}"
EndProject
Project("{FAE04EC0-301F-11D3-BF4B-00C04F79EFBC}") = "Tyuiu.ShakirovSA.Sprint6.Task2.V29", "Tyuiu.ShakirovSA.Sprint6.Task2.V29\Tyuiu.ShakirovSA.Sprint6.Task2.V29.csproj", "{B6883B52-3438-4711-9889-C89128368D93}"
EndProject
Global
	GlobalSection(SolutionConfigurationPlatforms) = preSolution
		Debug|Any CPU = Debug|Any CPU
		Release|Any CPU = Release|Any CPU
	EndGlobalSection
	GlobalSection(ProjectConfigurationPlatforms) = postSolution
		{E5FACE9C-93F2-417B-8A8D-52B48CB1CB27}.Debug|Any CPU.ActiveCfg = Debug|Any CPU
		{E5FACE9C-93F2-417B-8A8D-52B48CB1CB27}.Debug|Any CPU.Build.0 = Debug|Any CPU
		{E5FACE9C-93F2-417B-8A8D-52B48CB1CB27}.Release|Any CPU.ActiveCfg = Release|Any CPU
		{E5FACE9C-93F2-417B-8A8D-52B48CB1CB27}.Release|Any CPU.Build.0 = Release|Any CPU
		{C4473759-D484-4521-87E2-530BF3AED0A6}.Debug|Any CPU.ActiveCfg = Debug|Any CPU
		{C4473759-D484-4521-87E2-530BF3AED0A6}.Debug|Any CPU.Build.0 = Debug|Any CPU
		{C4473759-D484-4521-87E2-530BF3AED0A6}.Release|Any CPU.ActiveCfg = Release|Any CPU
		{C4473759-D484-4521-87E2-530BF3AED0A6}.Release|Any CPU.Build.0 = Release|Any CPU
		{0720A000-D3A7-42E8-AAE5-58F4418BEA75}.Debug|Any CPU.ActiveCfg = Debug|Any CPU
		{0720A000-D3A7-42E8-AAE5-58F4418BEA75}.Debug|Any CPU.Build.0 = Debug|Any CPU
		{0720A000-D3A7-42E8-AAE5-58F4418BEA75}.Release|Any CPU.ActiveCfg = Release|Any CPU
		{0720A000-D3A7-42E8-AAE5-58F4418BEA75}.Release|Any CPU.Build.0 = Release|Any CPU
		{4D52570F-FED5-450B-9D42-F15F740802FA}.Debug|Any CPU.ActiveCfg = Debug|Any CPU
		{4D52570F-FED5-450B-9D42-F15F740802FA}.Debug|Any CPU.Build.0 = Debug|Any CPU
		{4D52570F-FED5-450B-9D42-F15F740802FA}.Release|Any CPU.ActiveCfg = Release|Any CPU
		{4D52570F-FED5-450B-9D42-F15F740802FA}.Release|Any CPU.Build.0 = Release|Any CPU
		{08AC742A-7BA5-4A8F-BC20-D0C65FE85FA3}.Debug|Any CPU.ActiveCfg = Debug|Any CPU
		{08AC742A-7BA5-4A8F-BC20-D0C65FE85FA3}.Debug|Any CPU.Build.0 = Debug|Any CPU
		{08AC742A-7BA5-4A8F-BC20-D0C65FE85FA3}.Release|Any CPU.ActiveCfg = Release|Any CPU
		{08AC742A-7BA5-4A8F-BC20-D0C65FE85FA3}.Release|Any CPU.Build.0 = Release|Any CPU
		{67E287EF-43B5-45DE-86B6-A470C9151484}.Debug|Any CPU.ActiveCfg = Debug|Any CPU
		{67E287EF-43B5-45DE-86B6-A470C9151484}.Debug|Any CPU.Build.0 = Debug|Any CPU
		{67E287EF-43B5-45DE-86B6-A470C9151484}.Release|Any CPU.ActiveCfg = Release|Any CPU
		{67E287EF-43B5-45DE-86B6-A470C9151484}.Release|Any CPU.Build.0 = Release|Any CPU
		{A2C7DD6D-8AFF-4358-847A-FBBDE2E24DCF}.Debug|Any CPU.ActiveCfg = Debug|Any CPU
		{A2C7DD6D-8AFF-4358-847A-FBBDE2E24DCF}.Debug|Any CPU.Build.0 = Debug|Any CPU
		{A2C7DD6D-8AFF-4358-847A-FBBDE2E24DCF}.Release|Any CPU.ActiveCfg = Release|Any CPU
		{A2C7DD6D-8AFF-4358-847A-FBBDE2E24DCF}.Release|Any CPU.Build.0 = Release|Any CPU
		{021A23F2-741D-45AE-B8E9-32A7684B1275}.Debug|Any CPU.ActiveCfg = Debug|Any CPU
		{021A23F2-741D-45AE-B8E9-32A7684B1275}.Debug|Any CPU.Build.0 = Debug|Any CPU
		{021A23F2-741D-45AE-B8E9-32A7684B1275}.Release|Any CPU.ActiveCfg = Release|Any CPU
		{021A23F2-741D-45AE-B8E9-32A7684B1275}.Release|Any CPU.Build.0 = Release|Any CPU
		{B6883B52-3438-4711-9889-C89128368D93}.Debug|Any CPU.ActiveCfg = Debug|Any CPU
		{B6883B52-3438-4711-9889-C89128368D93}.Debug|Any CPU.Build.0 = Debug|Any CPU
		{B6883B52-3438-4711-9889-C89128368D93}.Release|Any CPU.ActiveCfg = Release|Any CPU
		{B6883B52-3438-4711-9889-C89128368D93}.Release|Any CPU.Build.0 = Release|Any CPU
	EndGlobalSection
	GlobalSection(SolutionProperties) = preSolution
		HideSolutionNode = FALSE
	EndGlobalSection
	GlobalSection(NestedProjects) = preSolution
		{E5FACE9C-93F2-417B-8A8D-52B48CB1CB27} = {02EA681E-C7D8-13C7-8484-4AC65E1B71E8}
		{C4473759-D484-4521-87E2-530BF3AED0A6} = {02EA681E-C7D8-13C7-8484-4AC65E1B71E8}
		{0720A000-D3A7-42E8-AAE5-58F4418BEA75} = {02EA681E-C7D8-13C7-8484-4AC65E1B71E8}
		{4D52570F-FED5-450B-9D42-F15F740802FA} = {76AD8812-1D90-4928-8A71-339BF9FEDB7F}
		{08AC742A-7BA5-4A8F-BC20-D0C65FE85FA3} = {76AD8812-1D90-4928-8A71-339BF9FEDB7F}
		{67E287EF-43B5-45DE-86B6-A470C9151484} = {76AD8812-1D90-4928-8A71-339BF9FEDB7F}
		{A2C7DD6D-8AFF-4358-847A-FBBDE2E24DCF} = {FCE863E4-C7AC-4FCF-83D7-37976327AFB5}
		{021A23F2-741D-45AE-B8E9-32A7684B1275} = {FCE863E4-C7AC-4FCF-83D7-37976327AFB5}
		{B6883B52-3438-4711-9889-C89128368D93} = {FCE863E4-C7AC-4FCF-83D7-37976327AFB5}
	EndGlobalSection
	GlobalSection(ExtensibilityGlobals) = postSolution
		SolutionGuid = {2124D31B-C29E-4360-94F6-B5542F4FDD82}
	EndGlobalSection
EndGlobal
