
Microsoft Visual Studio Solution File, Format Version 12.00
# Visual Studio Version 17
VisualStudioVersion = 17.14.36616.10
MinimumVisualStudioVersion = 10.0.40219.1
Project("{2150E333-8FDC-42A3-9474-1A3956D46DE8}") = "Task0", "Task0", "{02EA681E-C7D8-13C7-8484-4AC65E1B71E8}"
EndProject
Project("{FAE04EC0-301F-11D3-BF4B-00C04F79EFBC}") = "Tyuiu.ShakirovSA.Sprint6.Task0.V15.Lib", "Tyuiu.ShakirovSA.Sprint6.Task0.V15.Lib\Tyuiu.ShakirovSA.Sprint6.Task0.V15.Lib.csproj", "{E5FACE9C-93F2-417B-8A8D-52B48CB1CB27}"
EndProject
Project("{FAE04EC0-301F-11D3-BF4B-00C04F79EFBC}") = "Tyuiu.ShakirovSA.Sprint6.Task0.V15.Test", "Tyuiu.ShakirovSA.Sprint6.Task0.V15.Test\Tyuiu.ShakirovSA.Sprint6.Task0.V15.Test.csproj", "{C4473759-D484-4521-87E2-530BF3AED0A6}"
EndProject
Project("{FAE04EC0-301F-11D3-BF4B-00C04F79EFBC}") = "Tyuiu.ShakirovSA.Sprint6.Task0.V15", "Tyuiu.ShakirovSA.Sprint6.Task0.V15\Tyuiu.ShakirovSA.Sprint6.Task0.V15.csproj", "{0720A000-D3A7-42E8-AAE5-58F4418BEA75}"
EndProject
Project("{2150E333-8FDC-42A3-9474-1A3956D46DE8}") = "Task1", "Task1", "{76AD8812-1D90-4928-8A71-339BF9FEDB7F}"
EndProject
Project("{FAE04EC0-301F-11D3-BF4B-00C04F79EFBC}") = "Tyuiu.ShakirovSA.Sprint6.Task1.V21.Lib", "Tyuiu.ShakirovSA.Sprint6.Task1.V21.Lib\Tyuiu.ShakirovSA.Sprint6.Task1.V21.Lib.csproj", "{4D52570F-FED5-450B-9D42-F15F740802FA}"
EndProject
Project("{FAE04EC0-301F-11D3-BF4B-00C04F79EFBC}") = "Tyuiu.ShakirovSA.Sprint6.Task1.V21.Test", "Tyuiu.ShakirovSA.Sprint6.Task1.V21.Test\Tyuiu.ShakirovSA.Sprint6.Task1.V21.Test.csproj", "{08AC742A-7BA5-4A8F-BC20-D0C65FE85FA3}"
EndProject
Project("{FAE04EC0-301F-11D3-BF4B-00C04F79EFBC}") = "Tyuiu.ShakirovSA.Sprint6.Task1.V21", "Tyuiu.ShakirovSA.Sprint6.Task1.V21\Tyuiu.ShakirovSA.Sprint6.Task1.V21.csproj", "{67E287EF-43B5-45DE-86B6-A470C9151484}"
EndProject
Project("{2150E333-8FDC-42A3-9474-1A3956D46DE8}") = "Task2", "Task2", "{FCE863E4-C7AC-4FCF-83D7-37976327AFB5}"
EndProject
Project("{FAE04EC0-301F-11D3-BF4B-00C04F79EFBC}") = "Tyuiu.ShakirovSA.Sprint6.Task2.V29.Lib", "Tyuiu.ShakirovSA.Sprint6.Task2.V29.Lib\Tyuiu.ShakirovSA.Sprint6.Task2.V29.Lib.csproj", "{A2C7DD6D-8AFF-4358-847A-FBBDE2E24DCF}"
EndProject
Project("{FAE04EC0-301F-11D3-BF4B-00C04F79EFBC}") = "Tyuiu.ShakirovSA.Sprint6.Task2.V29.Test", "Tyuiu.ShakirovSA.Sprint6.Task2.V29.Test\Tyuiu.ShakirovSA.Sprint6.Task2.V29.Test.csproj", "{021A23F2-741D-45AE-B8E9-32A7684B1275}"
EndProject
Project("{FAE04EC0-301F-11D3-BF4B-00C04F79EFBC}") = "Tyuiu.ShakirovSA.Sprint6.Task2.V29", "Tyuiu.ShakirovSA.Sprint6.Task2.V29\Tyuiu.ShakirovSA.Sprint6.Task2.V29.csproj", "{B6883B52-3438-4711-9889-C89128368D93}"
EndProject
Project("{2150E333-8FDC-42A3-9474-1A3956D46DE8}") = "Task3", "Task3", "{007A2307-8A5A-49CC-A23B-7FF52ECF4C96}"
EndProject
Project("{FAE04EC0-301F-11D3-BF4B-00C04F79EFBC}") = "Tyuiu.ShakirovSA.Sprint6.Task3.V4.Lib", "Tyuiu.ShakirovSA.Sprint6.Task3.V4.Lib\Tyuiu.ShakirovSA.Sprint6.Task3.V4.Lib.csproj", "{7BA0EA6C-4018-40E3-99E5-204CCDEBC3F1}"
EndProject
Project("{FAE04EC0-301F-11D3-BF4B-00C04F79EFBC}") = "Tyuiu.ShakirovSA.Sprint6.Task3.V4.Test", "Tyuiu.ShakirovSA.Sprint6.Task3.V4.Test\Tyuiu.ShakirovSA.Sprint6.Task3.V4.Test.csproj", "{766D7D42-914C-4BF7-8CC4-0BBB39E05938}"
EndProject
Project("{FAE04EC0-301F-11D3-BF4B-00C04F79EFBC}") = "Tyuiu.ShakirovSA.Sprint6.Task3.V4", "Tyuiu.ShakirovSA.Sprint6.Task3.V4\Tyuiu.ShakirovSA.Sprint6.Task3.V4.csproj", "{431C97D2-BAFA-4740-8D8F-882285D338DA}"
EndProject
Project("{2150E333-8FDC-42A3-9474-1A3956D46DE8}") = "Task4", "Task4", "{6D962BF2-0862-4C7A-8D29-42E79C24789B}"
EndProject
Project("{FAE04EC0-301F-11D3-BF4B-00C04F79EFBC}") = "Tyuiu.ShakirovSA.Sprint6.Task4.V29.Lib", "Tyuiu.ShakirovSA.Sprint6.Task4.V29.Lib\Tyuiu.ShakirovSA.Sprint6.Task4.V29.Lib.csproj", "{1D87A409-E88B-494F-AE0B-53C3B134889A}"
EndProject
Project("{FAE04EC0-301F-11D3-BF4B-00C04F79EFBC}") = "Tyuiu.ShakirovSA.Sprint6.Task4.V29.Test", "Tyuiu.ShakirovSA.Sprint6.Task4.V29.Test\Tyuiu.ShakirovSA.Sprint6.Task4.V29.Test.csproj", "{EBF4A2AC-233C-421B-85E8-201AA4BFC5CC}"
EndProject
Project("{FAE04EC0-301F-11D3-BF4B-00C04F79EFBC}") = "Tyuiu.ShakirovSA.Sprint6.Task4.V29", "Tyuiu.ShakirovSA.Sprint6.Task4.V29\Tyuiu.ShakirovSA.Sprint6.Task4.V29.csproj", "{4BC271A4-77F1-488B-82A4-BCCE5B22F20F}"
EndProject
Project("{2150E333-8FDC-42A3-9474-1A3956D46DE8}") = "Task6", "Task6", "{4C0E4DF1-0F6B-45B7-8D68-443A47AAB846}"
EndProject
Project("{2150E333-8FDC-42A3-9474-1A3956D46DE8}") = "Task5", "Task5", "{C5EEA732-F655-441C-BA7E-8A493608DA83}"
EndProject
Project("{FAE04EC0-301F-11D3-BF4B-00C04F79EFBC}") = "Tyuiu.ShakirovSA.Sprint6.Task5.V27.Lib", "Tyuiu.ShakirovSA.Sprint6.Task5.V27.Lib\Tyuiu.ShakirovSA.Sprint6.Task5.V27.Lib.csproj", "{82BCEC1D-A4F7-4DF2-A037-D2581814542C}"
EndProject
Project("{FAE04EC0-301F-11D3-BF4B-00C04F79EFBC}") = "Tyuiu.ShakirovSA.Sprint6.Task5.V27.Test", "Tyuiu.ShakirovSA.Sprint6.Task5.V27.Test\Tyuiu.ShakirovSA.Sprint6.Task5.V27.Test.csproj", "{7CB74688-88D9-45EA-A137-2983D68F4A42}"
EndProject
Project("{FAE04EC0-301F-11D3-BF4B-00C04F79EFBC}") = "Tyuiu.ShakirovSA.Sprint6.Task5.V27", "Tyuiu.ShakirovSA.Sprint6.Task5.V27\Tyuiu.ShakirovSA.Sprint6.Task5.V27.csproj", "{64B001A4-4EC0-490C-9253-F084B0D36705}"
EndProject
Global
	GlobalSection(SolutionConfigurationPlatforms) = preSolution
		Debug|Any CPU = Debug|Any CPU
		Release|Any CPU = Release|Any CPU
	EndGlobalSection
	GlobalSection(ProjectConfigurationPlatforms) = postSolution
		{E5FACE9C-93F2-417B-8A8D-52B48CB1CB27}.Debug|Any CPU.ActiveCfg = Debug|Any CPU
		{E5FACE9C-93F2-417B-8A8D-52B48CB1CB27}.Debug|Any CPU.Build.0 = Debug|Any CPU
		{E5FACE9C-93F2-417B-8A8D-52B48CB1CB27}.Release|Any CPU.ActiveCfg = Release|Any CPU
		{E5FACE9C-93F2-417B-8A8D-52B48CB1CB27}.Release|Any CPU.Build.0 = Release|Any CPU
		{C4473759-D484-4521-87E2-530BF3AED0A6}.Debug|Any CPU.ActiveCfg = Debug|Any CPU
		{C4473759-D484-4521-87E2-530BF3AED0A6}.Debug|Any CPU.Build.0 = Debug|Any CPU
		{C4473759-D484-4521-87E2-530BF3AED0A6}.Release|Any CPU.ActiveCfg = Release|Any CPU
		{C4473759-D484-4521-87E2-530BF3AED0A6}.Release|Any CPU.Build.0 = Release|Any CPU
		{0720A000-D3A7-42E8-AAE5-58F4418BEA75}.Debug|Any CPU.ActiveCfg = Debug|Any CPU
		{0720A000-D3A7-42E8-AAE5-58F4418BEA75}.Debug|Any CPU.Build.0 = Debug|Any CPU
		{0720A000-D3A7-42E8-AAE5-58F4418BEA75}.Release|Any CPU.ActiveCfg = Release|Any CPU
		{0720A000-D3A7-42E8-AAE5-58F4418BEA75}.Release|Any CPU.Build.0 = Release|Any CPU
		{4D52570F-FED5-450B-9D42-F15F740802FA}.Debug|Any CPU.ActiveCfg = Debug|Any CPU
		{4D52570F-FED5-450B-9D42-F15F740802FA}.Debug|Any CPU.Build.0 = Debug|Any CPU
		{4D52570F-FED5-450B-9D42-F15F740802FA}.Release|Any CPU.ActiveCfg = Release|Any CPU
		{4D52570F-FED5-450B-9D42-F15F740802FA}.Release|Any CPU.Build.0 = Release|Any CPU
		{08AC742A-7BA5-4A8F-BC20-D0C65FE85FA3}.Debug|Any CPU.ActiveCfg = Debug|Any CPU
		{08AC742A-7BA5-4A8F-BC20-D0C65FE85FA3}.Debug|Any CPU.Build.0 = Debug|Any CPU
		{08AC742A-7BA5-4A8F-BC20-D0C65FE85FA3}.Release|Any CPU.ActiveCfg = Release|Any CPU
		{08AC742A-7BA5-4A8F-BC20-D0C65FE85FA3}.Release|Any CPU.Build.0 = Release|Any CPU
		{67E287EF-43B5-45DE-86B6-A470C9151484}.Debug|Any CPU.ActiveCfg = Debug|Any CPU
		{67E287EF-43B5-45DE-86B6-A470C9151484}.Debug|Any CPU.Build.0 = Debug|Any CPU
		{67E287EF-43B5-45DE-86B6-A470C9151484}.Release|Any CPU.ActiveCfg = Release|Any CPU
		{67E287EF-43B5-45DE-86B6-A470C9151484}.Release|Any CPU.Build.0 = Release|Any CPU
		{A2C7DD6D-8AFF-4358-847A-FBBDE2E24DCF}.Debug|Any CPU.ActiveCfg = Debug|Any CPU
		{A2C7DD6D-8AFF-4358-847A-FBBDE2E24DCF}.Debug|Any CPU.Build.0 = Debug|Any CPU
		{A2C7DD6D-8AFF-4358-847A-FBBDE2E24DCF}.Release|Any CPU.ActiveCfg = Release|Any CPU
		{A2C7DD6D-8AFF-4358-847A-FBBDE2E24DCF}.Release|Any CPU.Build.0 = Release|Any CPU
		{021A23F2-741D-45AE-B8E9-32A7684B1275}.Debug|Any CPU.ActiveCfg = Debug|Any CPU
		{021A23F2-741D-45AE-B8E9-32A7684B1275}.Debug|Any CPU.Build.0 = Debug|Any CPU
		{021A23F2-741D-45AE-B8E9-32A7684B1275}.Release|Any CPU.ActiveCfg = Release|Any CPU
		{021A23F2-741D-45AE-B8E9-32A7684B1275}.Release|Any CPU.Build.0 = Release|Any CPU
		{B6883B52-3438-4711-9889-C89128368D93}.Debug|Any CPU.ActiveCfg = Debug|Any CPU
		{B6883B52-3438-4711-9889-C89128368D93}.Debug|Any CPU.Build.0 = Debug|Any CPU
		{B6883B52-3438-4711-9889-C89128368D93}.Release|Any CPU.ActiveCfg = Release|Any CPU
		{B6883B52-3438-4711-9889-C89128368D93}.Release|Any CPU.Build.0 = Release|Any CPU
		{7BA0EA6C-4018-40E3-99E5-204CCDEBC3F1}.Debug|Any CPU.ActiveCfg = Debug|Any CPU
		{7BA0EA6C-4018-40E3-99E5-204CCDEBC3F1}.Debug|Any CPU.Build.0 = Debug|Any CPU
		{7BA0EA6C-4018-40E3-99E5-204CCDEBC3F1}.Release|Any CPU.ActiveCfg = Release|Any CPU
		{7BA0EA6C-4018-40E3-99E5-204CCDEBC3F1}.Release|Any CPU.Build.0 = Release|Any CPU
		{766D7D42-914C-4BF7-8CC4-0BBB39E05938}.Debug|Any CPU.ActiveCfg = Debug|Any CPU
		{766D7D42-914C-4BF7-8CC4-0BBB39E05938}.Debug|Any CPU.Build.0 = Debug|Any CPU
		{766D7D42-914C-4BF7-8CC4-0BBB39E05938}.Release|Any CPU.ActiveCfg = Release|Any CPU
		{766D7D42-914C-4BF7-8CC4-0BBB39E05938}.Release|Any CPU.Build.0 = Release|Any CPU
		{431C97D2-BAFA-4740-8D8F-882285D338DA}.Debug|Any CPU.ActiveCfg = Debug|Any CPU
		{431C97D2-BAFA-4740-8D8F-882285D338DA}.Debug|Any CPU.Build.0 = Debug|Any CPU
		{431C97D2-BAFA-4740-8D8F-882285D338DA}.Release|Any CPU.ActiveCfg = Release|Any CPU
		{431C97D2-BAFA-4740-8D8F-882285D338DA}.Release|Any CPU.Build.0 = Release|Any CPU
		{1D87A409-E88B-494F-AE0B-53C3B134889A}.Debug|Any CPU.ActiveCfg = Debug|Any CPU
		{1D87A409-E88B-494F-AE0B-53C3B134889A}.Debug|Any CPU.Build.0 = Debug|Any CPU
		{1D87A409-E88B-494F-AE0B-53C3B134889A}.Release|Any CPU.ActiveCfg = Release|Any CPU
		{1D87A409-E88B-494F-AE0B-53C3B134889A}.Release|Any CPU.Build.0 = Release|Any CPU
		{EBF4A2AC-233C-421B-85E8-201AA4BFC5CC}.Debug|Any CPU.ActiveCfg = Debug|Any CPU
		{EBF4A2AC-233C-421B-85E8-201AA4BFC5CC}.Debug|Any CPU.Build.0 = Debug|Any CPU
		{EBF4A2AC-233C-421B-85E8-201AA4BFC5CC}.Release|Any CPU.ActiveCfg = Release|Any CPU
		{EBF4A2AC-233C-421B-85E8-201AA4BFC5CC}.Release|Any CPU.Build.0 = Release|Any CPU
		{4BC271A4-77F1-488B-82A4-BCCE5B22F20F}.Debug|Any CPU.ActiveCfg = Debug|Any CPU
		{4BC271A4-77F1-488B-82A4-BCCE5B22F20F}.Debug|Any CPU.Build.0 = Debug|Any CPU
		{4BC271A4-77F1-488B-82A4-BCCE5B22F20F}.Release|Any CPU.ActiveCfg = Release|Any CPU
		{4BC271A4-77F1-488B-82A4-BCCE5B22F20F}.Release|Any CPU.Build.0 = Release|Any CPU
		{82BCEC1D-A4F7-4DF2-A037-D2581814542C}.Debug|Any CPU.ActiveCfg = Debug|Any CPU
		{82BCEC1D-A4F7-4DF2-A037-D2581814542C}.Debug|Any CPU.Build.0 = Debug|Any CPU
		{82BCEC1D-A4F7-4DF2-A037-D2581814542C}.Release|Any CPU.ActiveCfg = Release|Any CPU
		{82BCEC1D-A4F7-4DF2-A037-D2581814542C}.Release|Any CPU.Build.0 = Release|Any CPU
		{7CB74688-88D9-45EA-A137-2983D68F4A42}.Debug|Any CPU.ActiveCfg = Debug|Any CPU
		{7CB74688-88D9-45EA-A137-2983D68F4A42}.Debug|Any CPU.Build.0 = Debug|Any CPU
		{7CB74688-88D9-45EA-A137-2983D68F4A42}.Release|Any CPU.ActiveCfg = Release|Any CPU
		{7CB74688-88D9-45EA-A137-2983D68F4A42}.Release|Any CPU.Build.0 = Release|Any CPU
		{64B001A4-4EC0-490C-9253-F084B0D36705}.Debug|Any CPU.ActiveCfg = Debug|Any CPU
		{64B001A4-4EC0-490C-9253-F084B0D36705}.Debug|Any CPU.Build.0 = Debug|Any CPU
		{64B001A4-4EC0-490C-9253-F084B0D36705}.Release|Any CPU.ActiveCfg = Release|Any CPU
		{64B001A4-4EC0-490C-9253-F084B0D36705}.Release|Any CPU.Build.0 = Release|Any CPU
	EndGlobalSection
	GlobalSection(SolutionProperties) = preSolution
		HideSolutionNode = FALSE
	EndGlobalSection
	GlobalSection(NestedProjects) = preSolution
		{E5FACE9C-93F2-417B-8A8D-52B48CB1CB27} = {02EA681E-C7D8-13C7-8484-4AC65E1B71E8}
		{C4473759-D484-4521-87E2-530BF3AED0A6} = {02EA681E-C7D8-13C7-8484-4AC65E1B71E8}
		{0720A000-D3A7-42E8-AAE5-58F4418BEA75} = {02EA681E-C7D8-13C7-8484-4AC65E1B71E8}
		{4D52570F-FED5-450B-9D42-F15F740802FA} = {76AD8812-1D90-4928-8A71-339BF9FEDB7F}
		{08AC742A-7BA5-4A8F-BC20-D0C65FE85FA3} = {76AD8812-1D90-4928-8A71-339BF9FEDB7F}
		{67E287EF-43B5-45DE-86B6-A470C9151484} = {76AD8812-1D90-4928-8A71-339BF9FEDB7F}
		{A2C7DD6D-8AFF-4358-847A-FBBDE2E24DCF} = {FCE863E4-C7AC-4FCF-83D7-37976327AFB5}
		{021A23F2-741D-45AE-B8E9-32A7684B1275} = {FCE863E4-C7AC-4FCF-83D7-37976327AFB5}
		{B6883B52-3438-4711-9889-C89128368D93} = {FCE863E4-C7AC-4FCF-83D7-37976327AFB5}
		{7BA0EA6C-4018-40E3-99E5-204CCDEBC3F1} = {007A2307-8A5A-49CC-A23B-7FF52ECF4C96}
		{766D7D42-914C-4BF7-8CC4-0BBB39E05938} = {007A2307-8A5A-49CC-A23B-7FF52ECF4C96}
		{431C97D2-BAFA-4740-8D8F-882285D338DA} = {007A2307-8A5A-49CC-A23B-7FF52ECF4C96}
		{1D87A409-E88B-494F-AE0B-53C3B134889A} = {6D962BF2-0862-4C7A-8D29-42E79C24789B}
		{EBF4A2AC-233C-421B-85E8-201AA4BFC5CC} = {6D962BF2-0862-4C7A-8D29-42E79C24789B}
		{4BC271A4-77F1-488B-82A4-BCCE5B22F20F} = {6D962BF2-0862-4C7A-8D29-42E79C24789B}
		{82BCEC1D-A4F7-4DF2-A037-D2581814542C} = {C5EEA732-F655-441C-BA7E-8A493608DA83}
		{7CB74688-88D9-45EA-A137-2983D68F4A42} = {C5EEA732-F655-441C-BA7E-8A493608DA83}
		{64B001A4-4EC0-490C-9253-F084B0D36705} = {C5EEA732-F655-441C-BA7E-8A493608DA83}
	EndGlobalSection
	GlobalSection(ExtensibilityGlobals) = postSolution
		SolutionGuid = {2124D31B-C29E-4360-94F6-B5542F4FDD82}
	EndGlobalSection
EndGlobal
